
Microsoft Visual Studio Solution File, Format Version 12.00
# Visual Studio 2012
Project("{FAE04EC0-301F-11D3-BF4B-00C04F79EFBC}") = "DAL", "DAL\DAL.csproj", "{DF347B61-1098-4D75-9D5A-C169E6C002D6}"
EndProject
Project("{FAE04EC0-301F-11D3-BF4B-00C04F79EFBC}") = "DAL.Test", "DAL.Test\DAL.Test.csproj", "{252E25A7-FAFD-41A9-80CD-8898FA88AE7C}"
EndProject
Project("{2150E333-8FDC-42A3-9474-1A3956D46DE8}") = "Solution Items", "Solution Items", "{C19189DD-C1AE-4C42-8A91-4850DC139862}"
	ProjectSection(SolutionItems) = preProject
		Config\ConnectionStrings.xml = Config\ConnectionStrings.xml
	EndProjectSection
EndProject
Project("{FAE04EC0-301F-11D3-BF4B-00C04F79EFBC}") = "DomainModels", "DomainModels\DomainModels.csproj", "{589F75C7-6938-4997-881A-3080DF470E5A}"
EndProject
Global
	GlobalSection(SolutionConfigurationPlatforms) = preSolution
		Debug|Any CPU = Debug|Any CPU
		Release|Any CPU = Release|Any CPU
	EndGlobalSection
	GlobalSection(ProjectConfigurationPlatforms) = postSolution
		{DF347B61-1098-4D75-9D5A-C169E6C002D6}.Debug|Any CPU.ActiveCfg = Debug|Any CPU
		{DF347B61-1098-4D75-9D5A-C169E6C002D6}.Debug|Any CPU.Build.0 = Debug|Any CPU
		{DF347B61-1098-4D75-9D5A-C169E6C002D6}.Release|Any CPU.ActiveCfg = Release|Any CPU
		{DF347B61-1098-4D75-9D5A-C169E6C002D6}.Release|Any CPU.Build.0 = Release|Any CPU
		{252E25A7-FAFD-41A9-80CD-8898FA88AE7C}.Debug|Any CPU.ActiveCfg = Debug|Any CPU
		{252E25A7-FAFD-41A9-80CD-8898FA88AE7C}.Debug|Any CPU.Build.0 = Debug|Any CPU
		{252E25A7-FAFD-41A9-80CD-8898FA88AE7C}.Release|Any CPU.ActiveCfg = Release|Any CPU
		{252E25A7-FAFD-41A9-80CD-8898FA88AE7C}.Release|Any CPU.Build.0 = Release|Any CPU
		{589F75C7-6938-4997-881A-3080DF470E5A}.Debug|Any CPU.ActiveCfg = Debug|Any CPU
		{589F75C7-6938-4997-881A-3080DF470E5A}.Debug|Any CPU.Build.0 = Debug|Any CPU
		{589F75C7-6938-4997-881A-3080DF470E5A}.Release|Any CPU.ActiveCfg = Release|Any CPU
		{589F75C7-6938-4997-881A-3080DF470E5A}.Release|Any CPU.Build.0 = Release|Any CPU
	EndGlobalSection
	GlobalSection(SolutionProperties) = preSolution
		HideSolutionNode = FALSE
	EndGlobalSection
EndGlobal
