
Microsoft Visual Studio Solution File, Format Version 12.00
# Visual Studio 2012
Project("{FAE04EC0-301F-11D3-BF4B-00C04F79EFBC}") = "RawEnterpriseClass", "RawEnterpriseClass\RawEnterpriseClass.csproj", "{BD537D8D-BE92-4929-82BB-46E67D120D2F}"
EndProject
Project("{FAE04EC0-301F-11D3-BF4B-00C04F79EFBC}") = "RawEnterpriseClass.Test", "RawEnterpriseClass.Test\RawEnterpriseClass.Test.csproj", "{C846F24B-B878-43E4-AB75-D61A3F7C2988}"
EndProject
Global
	GlobalSection(SolutionConfigurationPlatforms) = preSolution
		Debug|Any CPU = Debug|Any CPU
		Release|Any CPU = Release|Any CPU
	EndGlobalSection
	GlobalSection(ProjectConfigurationPlatforms) = postSolution
		{BD537D8D-BE92-4929-82BB-46E67D120D2F}.Debug|Any CPU.ActiveCfg = Debug|Any CPU
		{BD537D8D-BE92-4929-82BB-46E67D120D2F}.Debug|Any CPU.Build.0 = Debug|Any CPU
		{BD537D8D-BE92-4929-82BB-46E67D120D2F}.Release|Any CPU.ActiveCfg = Release|Any CPU
		{BD537D8D-BE92-4929-82BB-46E67D120D2F}.Release|Any CPU.Build.0 = Release|Any CPU
		{C846F24B-B878-43E4-AB75-D61A3F7C2988}.Debug|Any CPU.ActiveCfg = Debug|Any CPU
		{C846F24B-B878-43E4-AB75-D61A3F7C2988}.Debug|Any CPU.Build.0 = Debug|Any CPU
		{C846F24B-B878-43E4-AB75-D61A3F7C2988}.Release|Any CPU.ActiveCfg = Release|Any CPU
		{C846F24B-B878-43E4-AB75-D61A3F7C2988}.Release|Any CPU.Build.0 = Release|Any CPU
	EndGlobalSection
	GlobalSection(SolutionProperties) = preSolution
		HideSolutionNode = FALSE
	EndGlobalSection
EndGlobal
