
Microsoft Visual Studio Solution File, Format Version 12.00
# Visual Studio 2012
Project("{FAE04EC0-301F-11D3-BF4B-00C04F79EFBC}") = "AuthorizationSvc", "AuthorizationSvc\AuthorizationSvc.csproj", "{15B3E0D2-6217-493A-A690-158C497F5318}"
EndProject
Project("{FAE04EC0-301F-11D3-BF4B-00C04F79EFBC}") = "BulkUploadSvc", "BulkUploadSvc\BulkUploadSvc.csproj", "{DADD6965-F8E8-4B59-8F40-EC8D41CDEF41}"
EndProject
Project("{FAE04EC0-301F-11D3-BF4B-00C04F79EFBC}") = "NotificationSvc", "NotificationSvc\NotificationSvc.csproj", "{A9120739-ACA6-472A-9EAE-ABD3288BAAEB}"
EndProject
Project("{FAE04EC0-301F-11D3-BF4B-00C04F79EFBC}") = "RatingSvc", "RatingSvc\RatingSvc.csproj", "{E2D0FFE6-C260-471C-B373-F87BE4672F9F}"
EndProject
Project("{FAE04EC0-301F-11D3-BF4B-00C04F79EFBC}") = "WorkAssignmentSvc", "WorkAssignmentSvc\WorkAssignmentSvc.csproj", "{4471DE3B-EEAA-4BB9-B550-7D579C901386}"
EndProject
Global
	GlobalSection(SolutionConfigurationPlatforms) = preSolution
		Debug|Any CPU = Debug|Any CPU
		Release|Any CPU = Release|Any CPU
	EndGlobalSection
	GlobalSection(ProjectConfigurationPlatforms) = postSolution
		{15B3E0D2-6217-493A-A690-158C497F5318}.Debug|Any CPU.ActiveCfg = Debug|Any CPU
		{15B3E0D2-6217-493A-A690-158C497F5318}.Debug|Any CPU.Build.0 = Debug|Any CPU
		{15B3E0D2-6217-493A-A690-158C497F5318}.Release|Any CPU.ActiveCfg = Release|Any CPU
		{15B3E0D2-6217-493A-A690-158C497F5318}.Release|Any CPU.Build.0 = Release|Any CPU
		{DADD6965-F8E8-4B59-8F40-EC8D41CDEF41}.Debug|Any CPU.ActiveCfg = Debug|Any CPU
		{DADD6965-F8E8-4B59-8F40-EC8D41CDEF41}.Debug|Any CPU.Build.0 = Debug|Any CPU
		{DADD6965-F8E8-4B59-8F40-EC8D41CDEF41}.Release|Any CPU.ActiveCfg = Release|Any CPU
		{DADD6965-F8E8-4B59-8F40-EC8D41CDEF41}.Release|Any CPU.Build.0 = Release|Any CPU
		{A9120739-ACA6-472A-9EAE-ABD3288BAAEB}.Debug|Any CPU.ActiveCfg = Debug|Any CPU
		{A9120739-ACA6-472A-9EAE-ABD3288BAAEB}.Debug|Any CPU.Build.0 = Debug|Any CPU
		{A9120739-ACA6-472A-9EAE-ABD3288BAAEB}.Release|Any CPU.ActiveCfg = Release|Any CPU
		{A9120739-ACA6-472A-9EAE-ABD3288BAAEB}.Release|Any CPU.Build.0 = Release|Any CPU
		{E2D0FFE6-C260-471C-B373-F87BE4672F9F}.Debug|Any CPU.ActiveCfg = Debug|Any CPU
		{E2D0FFE6-C260-471C-B373-F87BE4672F9F}.Debug|Any CPU.Build.0 = Debug|Any CPU
		{E2D0FFE6-C260-471C-B373-F87BE4672F9F}.Release|Any CPU.ActiveCfg = Release|Any CPU
		{E2D0FFE6-C260-471C-B373-F87BE4672F9F}.Release|Any CPU.Build.0 = Release|Any CPU
		{4471DE3B-EEAA-4BB9-B550-7D579C901386}.Debug|Any CPU.ActiveCfg = Debug|Any CPU
		{4471DE3B-EEAA-4BB9-B550-7D579C901386}.Debug|Any CPU.Build.0 = Debug|Any CPU
		{4471DE3B-EEAA-4BB9-B550-7D579C901386}.Release|Any CPU.ActiveCfg = Release|Any CPU
		{4471DE3B-EEAA-4BB9-B550-7D579C901386}.Release|Any CPU.Build.0 = Release|Any CPU
	EndGlobalSection
	GlobalSection(SolutionProperties) = preSolution
		HideSolutionNode = FALSE
	EndGlobalSection
EndGlobal
