
Microsoft Visual Studio Solution File, Format Version 12.00
# Visual Studio 2012
Project("{FAE04EC0-301F-11D3-BF4B-00C04F79EFBC}") = "ClientDashboard", "ClientDashboard\ClientDashboard.csproj", "{1083BEE7-0B49-49A7-AF8A-AF1352299E56}"
EndProject
Project("{FAE04EC0-301F-11D3-BF4B-00C04F79EFBC}") = "ClientDashboard.Tests", "ClientDashboard.Tests\ClientDashboard.Tests.csproj", "{46584A20-0A84-4A8E-8A91-394FE969B86C}"
EndProject
Global
	GlobalSection(SolutionConfigurationPlatforms) = preSolution
		Debug|Any CPU = Debug|Any CPU
		Release|Any CPU = Release|Any CPU
	EndGlobalSection
	GlobalSection(ProjectConfigurationPlatforms) = postSolution
		{1083BEE7-0B49-49A7-AF8A-AF1352299E56}.Debug|Any CPU.ActiveCfg = Debug|Any CPU
		{1083BEE7-0B49-49A7-AF8A-AF1352299E56}.Debug|Any CPU.Build.0 = Debug|Any CPU
		{1083BEE7-0B49-49A7-AF8A-AF1352299E56}.Release|Any CPU.ActiveCfg = Release|Any CPU
		{1083BEE7-0B49-49A7-AF8A-AF1352299E56}.Release|Any CPU.Build.0 = Release|Any CPU
		{46584A20-0A84-4A8E-8A91-394FE969B86C}.Debug|Any CPU.ActiveCfg = Debug|Any CPU
		{46584A20-0A84-4A8E-8A91-394FE969B86C}.Debug|Any CPU.Build.0 = Debug|Any CPU
		{46584A20-0A84-4A8E-8A91-394FE969B86C}.Release|Any CPU.ActiveCfg = Release|Any CPU
		{46584A20-0A84-4A8E-8A91-394FE969B86C}.Release|Any CPU.Build.0 = Release|Any CPU
	EndGlobalSection
	GlobalSection(SolutionProperties) = preSolution
		HideSolutionNode = FALSE
	EndGlobalSection
EndGlobal
