
Microsoft Visual Studio Solution File, Format Version 12.00
# Visual Studio 2012
Project("{FAE04EC0-301F-11D3-BF4B-00C04F79EFBC}") = "DAL", "DALServices\DAL\DAL.csproj", "{DF347B61-1098-4D75-9D5A-C169E6C002D6}"
EndProject
Project("{FAE04EC0-301F-11D3-BF4B-00C04F79EFBC}") = "DAL.Test", "DALServices\DAL.Test\DAL.Test.csproj", "{252E25A7-FAFD-41A9-80CD-8898FA88AE7C}"
EndProject
Project("{FAE04EC0-301F-11D3-BF4B-00C04F79EFBC}") = "DomainModels", "Core\DomainModels\DomainModels.csproj", "{589F75C7-6938-4997-881A-3080DF470E5A}"
EndProject
Project("{FAE04EC0-301F-11D3-BF4B-00C04F79EFBC}") = "ViewModelMapper", "Core\ViewModelMapper\ViewModelMapper.csproj", "{84D70D88-2CE4-4CA9-94EE-62CFE36B3916}"
EndProject
Project("{FAE04EC0-301F-11D3-BF4B-00C04F79EFBC}") = "ViewModelMapper.Tests", "Core\ViewModelMapper.Tests\ViewModelMapper.Tests.csproj", "{3D8CD92F-2AE0-496A-BAF1-4732A3921B2F}"
EndProject
Project("{FAE04EC0-301F-11D3-BF4B-00C04F79EFBC}") = "ViewModels", "Core\ViewModels\ViewModels.csproj", "{34149F62-B115-4614-9A49-27882053A807}"
EndProject
Project("{2150E333-8FDC-42A3-9474-1A3956D46DE8}") = "DataLayer", "DataLayer", "{D0FB83D6-7A6C-4D61-82C7-28BA493840A3}"
EndProject
Project("{2150E333-8FDC-42A3-9474-1A3956D46DE8}") = "Core", "Core", "{D4F76D50-0029-4BFA-ABE4-B6A1B2EB6FD9}"
EndProject
Project("{FAE04EC0-301F-11D3-BF4B-00C04F79EFBC}") = "AuthenticationService", "Services\AuthenticationService\AuthenticationService.csproj", "{DEF58C44-1BC5-4B6F-B420-5BE8252585DC}"
EndProject
Project("{FAE04EC0-301F-11D3-BF4B-00C04F79EFBC}") = "ClientServices.Tests", "Services\ClientServices.Tests\ClientServices.Tests.csproj", "{2134212C-DE09-4CED-BF69-CA758E1D4497}"
EndProject
Project("{FAE04EC0-301F-11D3-BF4B-00C04F79EFBC}") = "InternalServices", "Services\InternalServices\InternalServices.csproj", "{E2DDD935-5000-4E99-BBBB-2E14D0B921DF}"
EndProject
Project("{FAE04EC0-301F-11D3-BF4B-00C04F79EFBC}") = "InternalServices.Tests", "Services\InternalServices.Tests\InternalServices.Tests.csproj", "{0E43C244-9756-4723-A4CA-CE7A10E26723}"
EndProject
Project("{FAE04EC0-301F-11D3-BF4B-00C04F79EFBC}") = "NotificationServices", "Services\NotificationServices\NotificationServices.csproj", "{5AA10823-CBAA-46A9-ADB0-A396E6C6646A}"
EndProject
Project("{FAE04EC0-301F-11D3-BF4B-00C04F79EFBC}") = "NotificationServices.Tests", "Services\NotificationServices.Tests\NotificationServices.Tests.csproj", "{8EBD8A5F-D4EC-433A-8F24-8C0440EA6A71}"
EndProject
Project("{FAE04EC0-301F-11D3-BF4B-00C04F79EFBC}") = "VendorServices", "Services\VendorServices\VendorServices.csproj", "{40AFB3EF-1CA9-4257-89CE-06CA77E0D06D}"
EndProject
Project("{FAE04EC0-301F-11D3-BF4B-00C04F79EFBC}") = "VendorServices.Tests", "Services\VendorServices.Tests\VendorServices.Tests.csproj", "{B20572B6-EEAB-49EE-BC0D-47AE452F3CC1}"
EndProject
Project("{2150E333-8FDC-42A3-9474-1A3956D46DE8}") = "Services", "Services", "{EEF09323-0752-4552-8C79-E9EFFB04AFB1}"
EndProject
Project("{2150E333-8FDC-42A3-9474-1A3956D46DE8}") = "ServiceTests", "ServiceTests", "{9A15B2BF-37A8-4DC2-B1F3-27929B9D3F39}"
EndProject
Project("{2150E333-8FDC-42A3-9474-1A3956D46DE8}") = "Applications", "Applications", "{311486E0-5BB7-407E-AAFB-11A1B6AA388F}"
EndProject
Project("{FAE04EC0-301F-11D3-BF4B-00C04F79EFBC}") = "ClientServices", "Services\ClientServices\ClientServices.csproj", "{D5BD07BF-B83B-4624-88DB-DB9A19689DD7}"
EndProject
Project("{FAE04EC0-301F-11D3-BF4B-00C04F79EFBC}") = "ClientDashboard.Tests", "Applications\MVC\ClientDashboard\ClientDashboard.Tests\ClientDashboard.Tests.csproj", "{FAAD61AC-9E47-4F86-9E30-E5A90990D083}"
EndProject
Project("{FAE04EC0-301F-11D3-BF4B-00C04F79EFBC}") = "VendorDashboard.Tests", "Applications\MVC\VendorDashboard\VendorDashboard.Tests\VendorDashboard.Tests.csproj", "{AA133777-3CF7-4296-95A8-AED76C98F8A7}"
EndProject
Project("{2150E333-8FDC-42A3-9474-1A3956D46DE8}") = "ApplicationTests", "ApplicationTests", "{34D07257-E1BC-4D10-A4E4-1E77BA6DF122}"
EndProject
Project("{FAE04EC0-301F-11D3-BF4B-00C04F79EFBC}") = "ClientDashboard", "Applications\MVC\ClientDashboard\ClientDashboard\ClientDashboard.csproj", "{01AC7B3A-8C17-4674-A66F-489281222BD3}"
EndProject
Project("{FAE04EC0-301F-11D3-BF4B-00C04F79EFBC}") = "VendorDashboard", "Applications\MVC\VendorDashboard\VendorDashboard\VendorDashboard.csproj", "{80643396-984C-445A-A8CC-D84536D9DB2F}"
EndProject
Project("{2150E333-8FDC-42A3-9474-1A3956D46DE8}") = "CoreTests", "CoreTests", "{395DC57A-D823-4C16-9AF1-F6C64F9DC6B2}"
EndProject
Project("{2150E333-8FDC-42A3-9474-1A3956D46DE8}") = "DataLayerTests", "DataLayerTests", "{37E0C921-2B6F-4677-9C38-2ACAFB60BC92}"
EndProject
Global
	GlobalSection(SolutionConfigurationPlatforms) = preSolution
		Debug|Any CPU = Debug|Any CPU
		Release|Any CPU = Release|Any CPU
	EndGlobalSection
	GlobalSection(ProjectConfigurationPlatforms) = postSolution
		{DF347B61-1098-4D75-9D5A-C169E6C002D6}.Debug|Any CPU.ActiveCfg = Debug|Any CPU
		{DF347B61-1098-4D75-9D5A-C169E6C002D6}.Debug|Any CPU.Build.0 = Debug|Any CPU
		{DF347B61-1098-4D75-9D5A-C169E6C002D6}.Release|Any CPU.ActiveCfg = Release|Any CPU
		{DF347B61-1098-4D75-9D5A-C169E6C002D6}.Release|Any CPU.Build.0 = Release|Any CPU
		{252E25A7-FAFD-41A9-80CD-8898FA88AE7C}.Debug|Any CPU.ActiveCfg = Debug|Any CPU
		{252E25A7-FAFD-41A9-80CD-8898FA88AE7C}.Debug|Any CPU.Build.0 = Debug|Any CPU
		{252E25A7-FAFD-41A9-80CD-8898FA88AE7C}.Release|Any CPU.ActiveCfg = Release|Any CPU
		{252E25A7-FAFD-41A9-80CD-8898FA88AE7C}.Release|Any CPU.Build.0 = Release|Any CPU
		{589F75C7-6938-4997-881A-3080DF470E5A}.Debug|Any CPU.ActiveCfg = Debug|Any CPU
		{589F75C7-6938-4997-881A-3080DF470E5A}.Debug|Any CPU.Build.0 = Debug|Any CPU
		{589F75C7-6938-4997-881A-3080DF470E5A}.Release|Any CPU.ActiveCfg = Release|Any CPU
		{589F75C7-6938-4997-881A-3080DF470E5A}.Release|Any CPU.Build.0 = Release|Any CPU
		{84D70D88-2CE4-4CA9-94EE-62CFE36B3916}.Debug|Any CPU.ActiveCfg = Debug|Any CPU
		{84D70D88-2CE4-4CA9-94EE-62CFE36B3916}.Debug|Any CPU.Build.0 = Debug|Any CPU
		{84D70D88-2CE4-4CA9-94EE-62CFE36B3916}.Release|Any CPU.ActiveCfg = Release|Any CPU
		{84D70D88-2CE4-4CA9-94EE-62CFE36B3916}.Release|Any CPU.Build.0 = Release|Any CPU
		{3D8CD92F-2AE0-496A-BAF1-4732A3921B2F}.Debug|Any CPU.ActiveCfg = Debug|Any CPU
		{3D8CD92F-2AE0-496A-BAF1-4732A3921B2F}.Debug|Any CPU.Build.0 = Debug|Any CPU
		{3D8CD92F-2AE0-496A-BAF1-4732A3921B2F}.Release|Any CPU.ActiveCfg = Release|Any CPU
		{3D8CD92F-2AE0-496A-BAF1-4732A3921B2F}.Release|Any CPU.Build.0 = Release|Any CPU
		{34149F62-B115-4614-9A49-27882053A807}.Debug|Any CPU.ActiveCfg = Debug|Any CPU
		{34149F62-B115-4614-9A49-27882053A807}.Debug|Any CPU.Build.0 = Debug|Any CPU
		{34149F62-B115-4614-9A49-27882053A807}.Release|Any CPU.ActiveCfg = Release|Any CPU
		{34149F62-B115-4614-9A49-27882053A807}.Release|Any CPU.Build.0 = Release|Any CPU
		{DEF58C44-1BC5-4B6F-B420-5BE8252585DC}.Debug|Any CPU.ActiveCfg = Debug|Any CPU
		{DEF58C44-1BC5-4B6F-B420-5BE8252585DC}.Debug|Any CPU.Build.0 = Debug|Any CPU
		{DEF58C44-1BC5-4B6F-B420-5BE8252585DC}.Release|Any CPU.ActiveCfg = Release|Any CPU
		{DEF58C44-1BC5-4B6F-B420-5BE8252585DC}.Release|Any CPU.Build.0 = Release|Any CPU
		{2134212C-DE09-4CED-BF69-CA758E1D4497}.Debug|Any CPU.ActiveCfg = Debug|Any CPU
		{2134212C-DE09-4CED-BF69-CA758E1D4497}.Debug|Any CPU.Build.0 = Debug|Any CPU
		{2134212C-DE09-4CED-BF69-CA758E1D4497}.Release|Any CPU.ActiveCfg = Release|Any CPU
		{2134212C-DE09-4CED-BF69-CA758E1D4497}.Release|Any CPU.Build.0 = Release|Any CPU
		{E2DDD935-5000-4E99-BBBB-2E14D0B921DF}.Debug|Any CPU.ActiveCfg = Debug|Any CPU
		{E2DDD935-5000-4E99-BBBB-2E14D0B921DF}.Debug|Any CPU.Build.0 = Debug|Any CPU
		{E2DDD935-5000-4E99-BBBB-2E14D0B921DF}.Release|Any CPU.ActiveCfg = Release|Any CPU
		{E2DDD935-5000-4E99-BBBB-2E14D0B921DF}.Release|Any CPU.Build.0 = Release|Any CPU
		{0E43C244-9756-4723-A4CA-CE7A10E26723}.Debug|Any CPU.ActiveCfg = Debug|Any CPU
		{0E43C244-9756-4723-A4CA-CE7A10E26723}.Debug|Any CPU.Build.0 = Debug|Any CPU
		{0E43C244-9756-4723-A4CA-CE7A10E26723}.Release|Any CPU.ActiveCfg = Release|Any CPU
		{0E43C244-9756-4723-A4CA-CE7A10E26723}.Release|Any CPU.Build.0 = Release|Any CPU
		{5AA10823-CBAA-46A9-ADB0-A396E6C6646A}.Debug|Any CPU.ActiveCfg = Debug|Any CPU
		{5AA10823-CBAA-46A9-ADB0-A396E6C6646A}.Debug|Any CPU.Build.0 = Debug|Any CPU
		{5AA10823-CBAA-46A9-ADB0-A396E6C6646A}.Release|Any CPU.ActiveCfg = Release|Any CPU
		{5AA10823-CBAA-46A9-ADB0-A396E6C6646A}.Release|Any CPU.Build.0 = Release|Any CPU
		{8EBD8A5F-D4EC-433A-8F24-8C0440EA6A71}.Debug|Any CPU.ActiveCfg = Debug|Any CPU
		{8EBD8A5F-D4EC-433A-8F24-8C0440EA6A71}.Debug|Any CPU.Build.0 = Debug|Any CPU
		{8EBD8A5F-D4EC-433A-8F24-8C0440EA6A71}.Release|Any CPU.ActiveCfg = Release|Any CPU
		{8EBD8A5F-D4EC-433A-8F24-8C0440EA6A71}.Release|Any CPU.Build.0 = Release|Any CPU
		{40AFB3EF-1CA9-4257-89CE-06CA77E0D06D}.Debug|Any CPU.ActiveCfg = Debug|Any CPU
		{40AFB3EF-1CA9-4257-89CE-06CA77E0D06D}.Debug|Any CPU.Build.0 = Debug|Any CPU
		{40AFB3EF-1CA9-4257-89CE-06CA77E0D06D}.Release|Any CPU.ActiveCfg = Release|Any CPU
		{40AFB3EF-1CA9-4257-89CE-06CA77E0D06D}.Release|Any CPU.Build.0 = Release|Any CPU
		{B20572B6-EEAB-49EE-BC0D-47AE452F3CC1}.Debug|Any CPU.ActiveCfg = Debug|Any CPU
		{B20572B6-EEAB-49EE-BC0D-47AE452F3CC1}.Debug|Any CPU.Build.0 = Debug|Any CPU
		{B20572B6-EEAB-49EE-BC0D-47AE452F3CC1}.Release|Any CPU.ActiveCfg = Release|Any CPU
		{B20572B6-EEAB-49EE-BC0D-47AE452F3CC1}.Release|Any CPU.Build.0 = Release|Any CPU
		{D5BD07BF-B83B-4624-88DB-DB9A19689DD7}.Debug|Any CPU.ActiveCfg = Debug|Any CPU
		{D5BD07BF-B83B-4624-88DB-DB9A19689DD7}.Debug|Any CPU.Build.0 = Debug|Any CPU
		{D5BD07BF-B83B-4624-88DB-DB9A19689DD7}.Release|Any CPU.ActiveCfg = Release|Any CPU
		{D5BD07BF-B83B-4624-88DB-DB9A19689DD7}.Release|Any CPU.Build.0 = Release|Any CPU
		{FAAD61AC-9E47-4F86-9E30-E5A90990D083}.Debug|Any CPU.ActiveCfg = Debug|Any CPU
		{FAAD61AC-9E47-4F86-9E30-E5A90990D083}.Debug|Any CPU.Build.0 = Debug|Any CPU
		{FAAD61AC-9E47-4F86-9E30-E5A90990D083}.Release|Any CPU.ActiveCfg = Release|Any CPU
		{FAAD61AC-9E47-4F86-9E30-E5A90990D083}.Release|Any CPU.Build.0 = Release|Any CPU
		{AA133777-3CF7-4296-95A8-AED76C98F8A7}.Debug|Any CPU.ActiveCfg = Debug|Any CPU
		{AA133777-3CF7-4296-95A8-AED76C98F8A7}.Debug|Any CPU.Build.0 = Debug|Any CPU
		{AA133777-3CF7-4296-95A8-AED76C98F8A7}.Release|Any CPU.ActiveCfg = Release|Any CPU
		{AA133777-3CF7-4296-95A8-AED76C98F8A7}.Release|Any CPU.Build.0 = Release|Any CPU
		{01AC7B3A-8C17-4674-A66F-489281222BD3}.Debug|Any CPU.ActiveCfg = Debug|Any CPU
		{01AC7B3A-8C17-4674-A66F-489281222BD3}.Debug|Any CPU.Build.0 = Debug|Any CPU
		{01AC7B3A-8C17-4674-A66F-489281222BD3}.Release|Any CPU.ActiveCfg = Release|Any CPU
		{01AC7B3A-8C17-4674-A66F-489281222BD3}.Release|Any CPU.Build.0 = Release|Any CPU
		{80643396-984C-445A-A8CC-D84536D9DB2F}.Debug|Any CPU.ActiveCfg = Debug|Any CPU
		{80643396-984C-445A-A8CC-D84536D9DB2F}.Debug|Any CPU.Build.0 = Debug|Any CPU
		{80643396-984C-445A-A8CC-D84536D9DB2F}.Release|Any CPU.ActiveCfg = Release|Any CPU
		{80643396-984C-445A-A8CC-D84536D9DB2F}.Release|Any CPU.Build.0 = Release|Any CPU
	EndGlobalSection
	GlobalSection(SolutionProperties) = preSolution
		HideSolutionNode = FALSE
	EndGlobalSection
	GlobalSection(NestedProjects) = preSolution
		{DF347B61-1098-4D75-9D5A-C169E6C002D6} = {D0FB83D6-7A6C-4D61-82C7-28BA493840A3}
		{37E0C921-2B6F-4677-9C38-2ACAFB60BC92} = {D0FB83D6-7A6C-4D61-82C7-28BA493840A3}
		{84D70D88-2CE4-4CA9-94EE-62CFE36B3916} = {D4F76D50-0029-4BFA-ABE4-B6A1B2EB6FD9}
		{34149F62-B115-4614-9A49-27882053A807} = {D4F76D50-0029-4BFA-ABE4-B6A1B2EB6FD9}
		{589F75C7-6938-4997-881A-3080DF470E5A} = {D4F76D50-0029-4BFA-ABE4-B6A1B2EB6FD9}
		{395DC57A-D823-4C16-9AF1-F6C64F9DC6B2} = {D4F76D50-0029-4BFA-ABE4-B6A1B2EB6FD9}
		{9A15B2BF-37A8-4DC2-B1F3-27929B9D3F39} = {EEF09323-0752-4552-8C79-E9EFFB04AFB1}
		{E2DDD935-5000-4E99-BBBB-2E14D0B921DF} = {EEF09323-0752-4552-8C79-E9EFFB04AFB1}
		{5AA10823-CBAA-46A9-ADB0-A396E6C6646A} = {EEF09323-0752-4552-8C79-E9EFFB04AFB1}
		{40AFB3EF-1CA9-4257-89CE-06CA77E0D06D} = {EEF09323-0752-4552-8C79-E9EFFB04AFB1}
		{DEF58C44-1BC5-4B6F-B420-5BE8252585DC} = {EEF09323-0752-4552-8C79-E9EFFB04AFB1}
		{D5BD07BF-B83B-4624-88DB-DB9A19689DD7} = {EEF09323-0752-4552-8C79-E9EFFB04AFB1}
		{0E43C244-9756-4723-A4CA-CE7A10E26723} = {9A15B2BF-37A8-4DC2-B1F3-27929B9D3F39}
		{8EBD8A5F-D4EC-433A-8F24-8C0440EA6A71} = {9A15B2BF-37A8-4DC2-B1F3-27929B9D3F39}
		{B20572B6-EEAB-49EE-BC0D-47AE452F3CC1} = {9A15B2BF-37A8-4DC2-B1F3-27929B9D3F39}
		{2134212C-DE09-4CED-BF69-CA758E1D4497} = {9A15B2BF-37A8-4DC2-B1F3-27929B9D3F39}
		{34D07257-E1BC-4D10-A4E4-1E77BA6DF122} = {311486E0-5BB7-407E-AAFB-11A1B6AA388F}
		{01AC7B3A-8C17-4674-A66F-489281222BD3} = {311486E0-5BB7-407E-AAFB-11A1B6AA388F}
		{80643396-984C-445A-A8CC-D84536D9DB2F} = {311486E0-5BB7-407E-AAFB-11A1B6AA388F}
		{FAAD61AC-9E47-4F86-9E30-E5A90990D083} = {34D07257-E1BC-4D10-A4E4-1E77BA6DF122}
		{AA133777-3CF7-4296-95A8-AED76C98F8A7} = {34D07257-E1BC-4D10-A4E4-1E77BA6DF122}
		{3D8CD92F-2AE0-496A-BAF1-4732A3921B2F} = {395DC57A-D823-4C16-9AF1-F6C64F9DC6B2}
		{252E25A7-FAFD-41A9-80CD-8898FA88AE7C} = {37E0C921-2B6F-4677-9C38-2ACAFB60BC92}
	EndGlobalSection
EndGlobal
