
Microsoft Visual Studio Solution File, Format Version 12.00
# Visual Studio 2012
Project("{2150E333-8FDC-42A3-9474-1A3956D46DE8}") = "ClientDashboard", "ClientDashboard", "{32E290CE-11CF-47A8-82C7-797F55678D73}"
EndProject
Project("{FAE04EC0-301F-11D3-BF4B-00C04F79EFBC}") = "ClientDashboard", "MVC\ClientDashboard\ClientDashboard\ClientDashboard.csproj", "{01AC7B3A-8C17-4674-A66F-489281222BD3}"
EndProject
Project("{FAE04EC0-301F-11D3-BF4B-00C04F79EFBC}") = "ClientDashboard.Tests", "MVC\ClientDashboard\ClientDashboard.Tests\ClientDashboard.Tests.csproj", "{FAAD61AC-9E47-4F86-9E30-E5A90990D083}"
EndProject
Project("{2150E333-8FDC-42A3-9474-1A3956D46DE8}") = "VendorDashboard", "VendorDashboard", "{E0E70D27-4CF9-408B-84C6-FA9105B931C4}"
EndProject
Project("{FAE04EC0-301F-11D3-BF4B-00C04F79EFBC}") = "VendorDashboard", "MVC\VendorDashboard\VendorDashboard\VendorDashboard.csproj", "{80643396-984C-445A-A8CC-D84536D9DB2F}"
EndProject
Project("{FAE04EC0-301F-11D3-BF4B-00C04F79EFBC}") = "VendorDashboard.Tests", "MVC\VendorDashboard\VendorDashboard.Tests\VendorDashboard.Tests.csproj", "{AA133777-3CF7-4296-95A8-AED76C98F8A7}"
EndProject
Global
	GlobalSection(SolutionConfigurationPlatforms) = preSolution
		Debug|Any CPU = Debug|Any CPU
		Release|Any CPU = Release|Any CPU
	EndGlobalSection
	GlobalSection(ProjectConfigurationPlatforms) = postSolution
		{01AC7B3A-8C17-4674-A66F-489281222BD3}.Debug|Any CPU.ActiveCfg = Debug|Any CPU
		{01AC7B3A-8C17-4674-A66F-489281222BD3}.Debug|Any CPU.Build.0 = Debug|Any CPU
		{01AC7B3A-8C17-4674-A66F-489281222BD3}.Release|Any CPU.ActiveCfg = Release|Any CPU
		{01AC7B3A-8C17-4674-A66F-489281222BD3}.Release|Any CPU.Build.0 = Release|Any CPU
		{FAAD61AC-9E47-4F86-9E30-E5A90990D083}.Debug|Any CPU.ActiveCfg = Debug|Any CPU
		{FAAD61AC-9E47-4F86-9E30-E5A90990D083}.Debug|Any CPU.Build.0 = Debug|Any CPU
		{FAAD61AC-9E47-4F86-9E30-E5A90990D083}.Release|Any CPU.ActiveCfg = Release|Any CPU
		{FAAD61AC-9E47-4F86-9E30-E5A90990D083}.Release|Any CPU.Build.0 = Release|Any CPU
		{80643396-984C-445A-A8CC-D84536D9DB2F}.Debug|Any CPU.ActiveCfg = Debug|Any CPU
		{80643396-984C-445A-A8CC-D84536D9DB2F}.Debug|Any CPU.Build.0 = Debug|Any CPU
		{80643396-984C-445A-A8CC-D84536D9DB2F}.Release|Any CPU.ActiveCfg = Release|Any CPU
		{80643396-984C-445A-A8CC-D84536D9DB2F}.Release|Any CPU.Build.0 = Release|Any CPU
		{AA133777-3CF7-4296-95A8-AED76C98F8A7}.Debug|Any CPU.ActiveCfg = Debug|Any CPU
		{AA133777-3CF7-4296-95A8-AED76C98F8A7}.Debug|Any CPU.Build.0 = Debug|Any CPU
		{AA133777-3CF7-4296-95A8-AED76C98F8A7}.Release|Any CPU.ActiveCfg = Release|Any CPU
		{AA133777-3CF7-4296-95A8-AED76C98F8A7}.Release|Any CPU.Build.0 = Release|Any CPU
	EndGlobalSection
	GlobalSection(SolutionProperties) = preSolution
		HideSolutionNode = FALSE
	EndGlobalSection
	GlobalSection(NestedProjects) = preSolution
		{01AC7B3A-8C17-4674-A66F-489281222BD3} = {32E290CE-11CF-47A8-82C7-797F55678D73}
		{FAAD61AC-9E47-4F86-9E30-E5A90990D083} = {32E290CE-11CF-47A8-82C7-797F55678D73}
		{80643396-984C-445A-A8CC-D84536D9DB2F} = {E0E70D27-4CF9-408B-84C6-FA9105B931C4}
		{AA133777-3CF7-4296-95A8-AED76C98F8A7} = {E0E70D27-4CF9-408B-84C6-FA9105B931C4}
	EndGlobalSection
EndGlobal
