
Microsoft Visual Studio Solution File, Format Version 12.00
# Visual Studio 2012
Project("{FAE04EC0-301F-11D3-BF4B-00C04F79EFBC}") = "UI", "UI\UI.csproj", "{901821FB-E2AB-4DB9-BD26-6A1408D8AC57}"
EndProject
Project("{FAE04EC0-301F-11D3-BF4B-00C04F79EFBC}") = "DAL", "DAL\DAL.csproj", "{9775067A-01C1-4203-976B-B6873091F14E}"
EndProject
Global
	GlobalSection(SolutionConfigurationPlatforms) = preSolution
		Debug|Any CPU = Debug|Any CPU
		Release|Any CPU = Release|Any CPU
	EndGlobalSection
	GlobalSection(ProjectConfigurationPlatforms) = postSolution
		{901821FB-E2AB-4DB9-BD26-6A1408D8AC57}.Debug|Any CPU.ActiveCfg = Debug|Any CPU
		{901821FB-E2AB-4DB9-BD26-6A1408D8AC57}.Debug|Any CPU.Build.0 = Debug|Any CPU
		{901821FB-E2AB-4DB9-BD26-6A1408D8AC57}.Release|Any CPU.ActiveCfg = Release|Any CPU
		{901821FB-E2AB-4DB9-BD26-6A1408D8AC57}.Release|Any CPU.Build.0 = Release|Any CPU
		{9775067A-01C1-4203-976B-B6873091F14E}.Debug|Any CPU.ActiveCfg = Debug|Any CPU
		{9775067A-01C1-4203-976B-B6873091F14E}.Debug|Any CPU.Build.0 = Debug|Any CPU
		{9775067A-01C1-4203-976B-B6873091F14E}.Release|Any CPU.ActiveCfg = Release|Any CPU
		{9775067A-01C1-4203-976B-B6873091F14E}.Release|Any CPU.Build.0 = Release|Any CPU
	EndGlobalSection
	GlobalSection(SolutionProperties) = preSolution
		HideSolutionNode = FALSE
	EndGlobalSection
EndGlobal
