
Microsoft Visual Studio Solution File, Format Version 10.00
# Visual Studio 2008
Project("{D183A3D8-5FD8-494B-B014-37F57B35E655}") = "BulkUpload", "BulkUpload\BulkUpload.dtproj", "{70340D52-28FA-47F2-8367-5668E476B1D1}"
EndProject
Global
	GlobalSection(SolutionConfigurationPlatforms) = preSolution
		Development|Default = Development|Default
	EndGlobalSection
	GlobalSection(ProjectConfigurationPlatforms) = postSolution
		{70340D52-28FA-47F2-8367-5668E476B1D1}.Development|Default.ActiveCfg = Development
		{70340D52-28FA-47F2-8367-5668E476B1D1}.Development|Default.Build.0 = Development
	EndGlobalSection
	GlobalSection(SolutionProperties) = preSolution
		HideSolutionNode = FALSE
	EndGlobalSection
EndGlobal
