
Microsoft Visual Studio Solution File, Format Version 12.00
# Visual Studio 2012
Project("{2150E333-8FDC-42A3-9474-1A3956D46DE8}") = "Applications", "Applications", "{D0F00668-7145-4454-B45C-48A377D30685}"
EndProject
Project("{FAE04EC0-301F-11D3-BF4B-00C04F79EFBC}") = "ClientDashboard", "Applications\ClientDashboardBootstrap\ClientDashboard\ClientDashboard.csproj", "{1083BEE7-0B49-49A7-AF8A-AF1352299E56}"
EndProject
Project("{FAE04EC0-301F-11D3-BF4B-00C04F79EFBC}") = "ClientDashboard.Tests", "Applications\ClientDashboardBootstrap\ClientDashboard.Tests\ClientDashboard.Tests.csproj", "{46584A20-0A84-4A8E-8A91-394FE969B86C}"
EndProject
Project("{2150E333-8FDC-42A3-9474-1A3956D46DE8}") = "DAL", "DAL", "{D8611C15-90F6-47B0-A9FA-281A2BEAAAAC}"
EndProject
Project("{FAE04EC0-301F-11D3-BF4B-00C04F79EFBC}") = "Enterprise.DAL.Core", "DAL\Enterprise.DAL.Core\Enterprise.DAL.Core.csproj", "{E420CD35-096A-4159-9B57-5735E9375287}"
EndProject
Project("{FAE04EC0-301F-11D3-BF4B-00C04F79EFBC}") = "Enterprise.DAL.Framework", "DAL\Enterprise.DAL.Framework\Enterprise.DAL.Framework.csproj", "{CACA9B92-DC2A-4751-9266-0F9544B308BE}"
EndProject
Project("{2150E333-8FDC-42A3-9474-1A3956D46DE8}") = "Services", "Services", "{7E455F33-AA99-4FAE-93FF-171041492474}"
EndProject
Project("{FAE04EC0-301F-11D3-BF4B-00C04F79EFBC}") = "DALServices", "DALServices\DALServices\DALServices.csproj", "{29C57205-D6BF-44FE-A4A3-4709A80B384B}"
EndProject
Project("{FAE04EC0-301F-11D3-BF4B-00C04F79EFBC}") = "DALServices.Test", "DALServices\DALServices.Test\DALServices.Test.csproj", "{4AF05ED8-13A8-47B5-A022-80D2CC31014B}"
EndProject
Project("{FAE04EC0-301F-11D3-BF4B-00C04F79EFBC}") = "AuthenticationService", "ApplicationServices\AuthenticationService\AuthenticationService.csproj", "{DEF58C44-1BC5-4B6F-B420-5BE8252585DC}"
EndProject
Global
	GlobalSection(SolutionConfigurationPlatforms) = preSolution
		Debug|Any CPU = Debug|Any CPU
		Dev|Any CPU = Dev|Any CPU
		QA|Any CPU = QA|Any CPU
		Release|Any CPU = Release|Any CPU
	EndGlobalSection
	GlobalSection(ProjectConfigurationPlatforms) = postSolution
		{1083BEE7-0B49-49A7-AF8A-AF1352299E56}.Debug|Any CPU.ActiveCfg = Debug|Any CPU
		{1083BEE7-0B49-49A7-AF8A-AF1352299E56}.Debug|Any CPU.Build.0 = Debug|Any CPU
		{1083BEE7-0B49-49A7-AF8A-AF1352299E56}.Dev|Any CPU.ActiveCfg = Dev|Any CPU
		{1083BEE7-0B49-49A7-AF8A-AF1352299E56}.Dev|Any CPU.Build.0 = Dev|Any CPU
		{1083BEE7-0B49-49A7-AF8A-AF1352299E56}.QA|Any CPU.ActiveCfg = QA|Any CPU
		{1083BEE7-0B49-49A7-AF8A-AF1352299E56}.QA|Any CPU.Build.0 = QA|Any CPU
		{1083BEE7-0B49-49A7-AF8A-AF1352299E56}.Release|Any CPU.ActiveCfg = Release|Any CPU
		{1083BEE7-0B49-49A7-AF8A-AF1352299E56}.Release|Any CPU.Build.0 = Release|Any CPU
		{46584A20-0A84-4A8E-8A91-394FE969B86C}.Debug|Any CPU.ActiveCfg = Debug|Any CPU
		{46584A20-0A84-4A8E-8A91-394FE969B86C}.Debug|Any CPU.Build.0 = Debug|Any CPU
		{46584A20-0A84-4A8E-8A91-394FE969B86C}.Dev|Any CPU.ActiveCfg = Dev|Any CPU
		{46584A20-0A84-4A8E-8A91-394FE969B86C}.Dev|Any CPU.Build.0 = Dev|Any CPU
		{46584A20-0A84-4A8E-8A91-394FE969B86C}.QA|Any CPU.ActiveCfg = QA|Any CPU
		{46584A20-0A84-4A8E-8A91-394FE969B86C}.QA|Any CPU.Build.0 = QA|Any CPU
		{46584A20-0A84-4A8E-8A91-394FE969B86C}.Release|Any CPU.ActiveCfg = Release|Any CPU
		{46584A20-0A84-4A8E-8A91-394FE969B86C}.Release|Any CPU.Build.0 = Release|Any CPU
		{E420CD35-096A-4159-9B57-5735E9375287}.Debug|Any CPU.ActiveCfg = Debug|Any CPU
		{E420CD35-096A-4159-9B57-5735E9375287}.Debug|Any CPU.Build.0 = Debug|Any CPU
		{E420CD35-096A-4159-9B57-5735E9375287}.Dev|Any CPU.ActiveCfg = Debug|Any CPU
		{E420CD35-096A-4159-9B57-5735E9375287}.Dev|Any CPU.Build.0 = Debug|Any CPU
		{E420CD35-096A-4159-9B57-5735E9375287}.QA|Any CPU.ActiveCfg = Release|Any CPU
		{E420CD35-096A-4159-9B57-5735E9375287}.QA|Any CPU.Build.0 = Release|Any CPU
		{E420CD35-096A-4159-9B57-5735E9375287}.Release|Any CPU.ActiveCfg = Release|Any CPU
		{E420CD35-096A-4159-9B57-5735E9375287}.Release|Any CPU.Build.0 = Release|Any CPU
		{CACA9B92-DC2A-4751-9266-0F9544B308BE}.Debug|Any CPU.ActiveCfg = Debug|Any CPU
		{CACA9B92-DC2A-4751-9266-0F9544B308BE}.Debug|Any CPU.Build.0 = Debug|Any CPU
		{CACA9B92-DC2A-4751-9266-0F9544B308BE}.Dev|Any CPU.ActiveCfg = Debug|Any CPU
		{CACA9B92-DC2A-4751-9266-0F9544B308BE}.Dev|Any CPU.Build.0 = Debug|Any CPU
		{CACA9B92-DC2A-4751-9266-0F9544B308BE}.QA|Any CPU.ActiveCfg = Release|Any CPU
		{CACA9B92-DC2A-4751-9266-0F9544B308BE}.QA|Any CPU.Build.0 = Release|Any CPU
		{CACA9B92-DC2A-4751-9266-0F9544B308BE}.Release|Any CPU.ActiveCfg = Release|Any CPU
		{CACA9B92-DC2A-4751-9266-0F9544B308BE}.Release|Any CPU.Build.0 = Release|Any CPU
		{29C57205-D6BF-44FE-A4A3-4709A80B384B}.Debug|Any CPU.ActiveCfg = Debug|Any CPU
		{29C57205-D6BF-44FE-A4A3-4709A80B384B}.Debug|Any CPU.Build.0 = Debug|Any CPU
		{29C57205-D6BF-44FE-A4A3-4709A80B384B}.Dev|Any CPU.ActiveCfg = Debug|Any CPU
		{29C57205-D6BF-44FE-A4A3-4709A80B384B}.Dev|Any CPU.Build.0 = Debug|Any CPU
		{29C57205-D6BF-44FE-A4A3-4709A80B384B}.QA|Any CPU.ActiveCfg = Release|Any CPU
		{29C57205-D6BF-44FE-A4A3-4709A80B384B}.QA|Any CPU.Build.0 = Release|Any CPU
		{29C57205-D6BF-44FE-A4A3-4709A80B384B}.Release|Any CPU.ActiveCfg = Release|Any CPU
		{29C57205-D6BF-44FE-A4A3-4709A80B384B}.Release|Any CPU.Build.0 = Release|Any CPU
		{4AF05ED8-13A8-47B5-A022-80D2CC31014B}.Debug|Any CPU.ActiveCfg = Debug|Any CPU
		{4AF05ED8-13A8-47B5-A022-80D2CC31014B}.Debug|Any CPU.Build.0 = Debug|Any CPU
		{4AF05ED8-13A8-47B5-A022-80D2CC31014B}.Dev|Any CPU.ActiveCfg = Debug|Any CPU
		{4AF05ED8-13A8-47B5-A022-80D2CC31014B}.Dev|Any CPU.Build.0 = Debug|Any CPU
		{4AF05ED8-13A8-47B5-A022-80D2CC31014B}.QA|Any CPU.ActiveCfg = Release|Any CPU
		{4AF05ED8-13A8-47B5-A022-80D2CC31014B}.QA|Any CPU.Build.0 = Release|Any CPU
		{4AF05ED8-13A8-47B5-A022-80D2CC31014B}.Release|Any CPU.ActiveCfg = Release|Any CPU
		{4AF05ED8-13A8-47B5-A022-80D2CC31014B}.Release|Any CPU.Build.0 = Release|Any CPU
		{DEF58C44-1BC5-4B6F-B420-5BE8252585DC}.Debug|Any CPU.ActiveCfg = Debug|Any CPU
		{DEF58C44-1BC5-4B6F-B420-5BE8252585DC}.Debug|Any CPU.Build.0 = Debug|Any CPU
		{DEF58C44-1BC5-4B6F-B420-5BE8252585DC}.Dev|Any CPU.ActiveCfg = Debug|Any CPU
		{DEF58C44-1BC5-4B6F-B420-5BE8252585DC}.Dev|Any CPU.Build.0 = Debug|Any CPU
		{DEF58C44-1BC5-4B6F-B420-5BE8252585DC}.QA|Any CPU.ActiveCfg = Release|Any CPU
		{DEF58C44-1BC5-4B6F-B420-5BE8252585DC}.QA|Any CPU.Build.0 = Release|Any CPU
		{DEF58C44-1BC5-4B6F-B420-5BE8252585DC}.Release|Any CPU.ActiveCfg = Release|Any CPU
		{DEF58C44-1BC5-4B6F-B420-5BE8252585DC}.Release|Any CPU.Build.0 = Release|Any CPU
	EndGlobalSection
	GlobalSection(SolutionProperties) = preSolution
		HideSolutionNode = FALSE
	EndGlobalSection
	GlobalSection(NestedProjects) = preSolution
		{1083BEE7-0B49-49A7-AF8A-AF1352299E56} = {D0F00668-7145-4454-B45C-48A377D30685}
		{46584A20-0A84-4A8E-8A91-394FE969B86C} = {D0F00668-7145-4454-B45C-48A377D30685}
		{E420CD35-096A-4159-9B57-5735E9375287} = {D8611C15-90F6-47B0-A9FA-281A2BEAAAAC}
		{CACA9B92-DC2A-4751-9266-0F9544B308BE} = {D8611C15-90F6-47B0-A9FA-281A2BEAAAAC}
		{29C57205-D6BF-44FE-A4A3-4709A80B384B} = {7E455F33-AA99-4FAE-93FF-171041492474}
		{4AF05ED8-13A8-47B5-A022-80D2CC31014B} = {7E455F33-AA99-4FAE-93FF-171041492474}
		{DEF58C44-1BC5-4B6F-B420-5BE8252585DC} = {7E455F33-AA99-4FAE-93FF-171041492474}
	EndGlobalSection
EndGlobal
